<?xml version="1.0" encoding="utf-8"?>
<Project ToolsVersion="4.0" xmlns="http://schemas.microsoft.com/developer/msbuild/2003">
  <ItemGroup>
    <Filter Include="소스 파일">
      <UniqueIdentifier>{4FC737F1-C7A5-4376-A066-2A32D752A2FF}</UniqueIdentifier>
      <Extensions>cpp;c;cc;cxx;c++;def;odl;idl;hpj;bat;asm;asmx</Extensions>
    </Filter>
    <Filter Include="헤더 파일">
      <UniqueIdentifier>{93995380-89BD-4b04-88EB-625FBE52EBFB}</UniqueIdentifier>
      <Extensions>h;hh;hpp;hxx;h++;hm;inl;inc;ipp;xsd</Extensions>
    </Filter>
    <Filter Include="리소스 파일">
      <UniqueIdentifier>{67DA6AB6-F800-4c08-8B7A-83BB121AAD01}</UniqueIdentifier>
      <Extensions>rc;ico;cur;bmp;dlg;rc2;rct;bin;rgs;gif;jpg;jpeg;jpe;resx;tiff;tif;png;wav;mfcribbon-ms</Extensions>
    </Filter>
  </ItemGroup>
  <ItemGroup>
    <ClCompile Include="Array.cpp">
      <Filter>소스 파일</Filter>
    </ClCompile>
    <ClCompile Include="BackSpaceKeyAction.cpp">
      <Filter>소스 파일</Filter>
    </ClCompile>
    <ClCompile Include="Caret.cpp">
      <Filter>소스 파일</Filter>
    </ClCompile>
    <ClCompile Include="Character.cpp">
      <Filter>소스 파일</Filter>
    </ClCompile>
    <ClCompile Include="Command.cpp">
      <Filter>소스 파일</Filter>
    </ClCompile>
    <ClCompile Include="CommandStory.cpp">
      <Filter>소스 파일</Filter>
    </ClCompile>
    <ClCompile Include="Composite.cpp">
      <Filter>소스 파일</Filter>
    </ClCompile>
    <ClCompile Include="CopyText.cpp">
      <Filter>소스 파일</Filter>
    </ClCompile>
    <ClCompile Include="CreateGlyph.cpp">
      <Filter>소스 파일</Filter>
    </ClCompile>
    <ClCompile Include="CreateProduct.cpp">
      <Filter>소스 파일</Filter>
    </ClCompile>
    <ClCompile Include="CutOffText.cpp">
      <Filter>소스 파일</Filter>
    </ClCompile>
    <ClCompile Include="DeleteKeyAction.cpp">
      <Filter>소스 파일</Filter>
    </ClCompile>
    <ClCompile Include="DoubleByteCharacter.cpp">
      <Filter>소스 파일</Filter>
    </ClCompile>
    <ClCompile Include="Down.cpp">
      <Filter>소스 파일</Filter>
    </ClCompile>
    <ClCompile Include="DummyRow.cpp">
      <Filter>소스 파일</Filter>
    </ClCompile>
    <ClCompile Include="EndDocKeyAction.cpp">
      <Filter>소스 파일</Filter>
    </ClCompile>
    <ClCompile Include="EndRow.cpp">
      <Filter>소스 파일</Filter>
    </ClCompile>
    <ClCompile Include="FactoryProduct.cpp">
      <Filter>소스 파일</Filter>
    </ClCompile>
    <ClCompile Include="FactoryProductCommand.cpp">
      <Filter>소스 파일</Filter>
    </ClCompile>
    <ClCompile Include="FactoryProductScroll.cpp">
      <Filter>소스 파일</Filter>
    </ClCompile>
    <ClCompile Include="FindAndReplace.cpp">
      <Filter>소스 파일</Filter>
    </ClCompile>
    <ClCompile Include="FindDialog.cpp">
      <Filter>소스 파일</Filter>
    </ClCompile>
    <ClCompile Include="FindSameText.cpp">
      <Filter>소스 파일</Filter>
    </ClCompile>
    <ClCompile Include="FirstDoc.cpp">
      <Filter>소스 파일</Filter>
    </ClCompile>
    <ClCompile Include="FirstRow.cpp">
      <Filter>소스 파일</Filter>
    </ClCompile>
    <ClCompile Include="Font.cpp">
      <Filter>소스 파일</Filter>
    </ClCompile>
    <ClCompile Include="GetInformation.cpp">
      <Filter>소스 파일</Filter>
    </ClCompile>
    <ClCompile Include="GetTextSize.cpp">
      <Filter>소스 파일</Filter>
    </ClCompile>
    <ClCompile Include="Glyph.cpp">
      <Filter>소스 파일</Filter>
    </ClCompile>
    <ClCompile Include="KeyAction.cpp">
      <Filter>소스 파일</Filter>
    </ClCompile>
    <ClCompile Include="LineChange.cpp">
      <Filter>소스 파일</Filter>
    </ClCompile>
    <ClCompile Include="LineDown.cpp">
      <Filter>소스 파일</Filter>
    </ClCompile>
    <ClCompile Include="LineLeft.cpp">
      <Filter>소스 파일</Filter>
    </ClCompile>
    <ClCompile Include="LineRight.cpp">
      <Filter>소스 파일</Filter>
    </ClCompile>
    <ClCompile Include="LineUp.cpp">
      <Filter>소스 파일</Filter>
    </ClCompile>
    <ClCompile Include="LinkedList.cpp">
      <Filter>소스 파일</Filter>
    </ClCompile>
    <ClCompile Include="Location.cpp">
      <Filter>소스 파일</Filter>
    </ClCompile>
    <ClCompile Include="MacroCommand.cpp">
      <Filter>소스 파일</Filter>
    </ClCompile>
    <ClCompile Include="MoveAction.cpp">
      <Filter>소스 파일</Filter>
    </ClCompile>
    <ClCompile Include="Next.cpp">
      <Filter>소스 파일</Filter>
    </ClCompile>
    <ClCompile Include="NextForSelected.cpp">
      <Filter>소스 파일</Filter>
    </ClCompile>
    <ClCompile Include="NextWord.cpp">
      <Filter>소스 파일</Filter>
    </ClCompile>
    <ClCompile Include="Note.cpp">
      <Filter>소스 파일</Filter>
    </ClCompile>
    <ClCompile Include="NotePadApp.cpp">
      <Filter>소스 파일</Filter>
    </ClCompile>
    <ClCompile Include="NotePadForm.cpp">
      <Filter>소스 파일</Filter>
    </ClCompile>
    <ClCompile Include="Observer.cpp">
      <Filter>소스 파일</Filter>
    </ClCompile>
    <ClCompile Include="OnBackSpaceCommand.cpp">
      <Filter>소스 파일</Filter>
    </ClCompile>
    <ClCompile Include="OnCharCommand.cpp">
      <Filter>소스 파일</Filter>
    </ClCompile>
    <ClCompile Include="OnCloseCommand.cpp">
      <Filter>소스 파일</Filter>
    </ClCompile>
    <ClCompile Include="OnCopyCommand.cpp">
      <Filter>소스 파일</Filter>
    </ClCompile>
    <ClCompile Include="OnCutOffCommand.cpp">
      <Filter>소스 파일</Filter>
    </ClCompile>
    <ClCompile Include="OnDeleteCommand.cpp">
      <Filter>소스 파일</Filter>
    </ClCompile>
    <ClCompile Include="OnDownCommand.cpp">
      <Filter>소스 파일</Filter>
    </ClCompile>
    <ClCompile Include="OnEndDocCommand.cpp">
      <Filter>소스 파일</Filter>
    </ClCompile>
    <ClCompile Include="OnEndRowCommand.cpp">
      <Filter>소스 파일</Filter>
    </ClCompile>
    <ClCompile Include="OnFindDialogCommand.cpp">
      <Filter>소스 파일</Filter>
    </ClCompile>
    <ClCompile Include="OnFindNextCommand.cpp">
      <Filter>소스 파일</Filter>
    </ClCompile>
    <ClCompile Include="OnFindPreviousCommand.cpp">
      <Filter>소스 파일</Filter>
    </ClCompile>
    <ClCompile Include="OnFirstDocCommand.cpp">
      <Filter>소스 파일</Filter>
    </ClCompile>
    <ClCompile Include="OnFirstRowCommand.cpp">
      <Filter>소스 파일</Filter>
    </ClCompile>
    <ClCompile Include="OnFontCommand.cpp">
      <Filter>소스 파일</Filter>
    </ClCompile>
    <ClCompile Include="OnGetHelpCommand.cpp">
      <Filter>소스 파일</Filter>
    </ClCompile>
    <ClCompile Include="OnHScrollCommand.cpp">
      <Filter>소스 파일</Filter>
    </ClCompile>
    <ClCompile Include="OnImeCharCommand.cpp">
      <Filter>소스 파일</Filter>
    </ClCompile>
    <ClCompile Include="OnImeCompositionCommand.cpp">
      <Filter>소스 파일</Filter>
    </ClCompile>
    <ClCompile Include="OnInformationCommand.cpp">
      <Filter>소스 파일</Filter>
    </ClCompile>
    <ClCompile Include="OnLineChangeCommand.cpp">
      <Filter>소스 파일</Filter>
    </ClCompile>
    <ClCompile Include="OnNewCreateCommand.cpp">
      <Filter>소스 파일</Filter>
    </ClCompile>
    <ClCompile Include="OnNextCommand.cpp">
      <Filter>소스 파일</Filter>
    </ClCompile>
    <ClCompile Include="OnNextWordCommand.cpp">
      <Filter>소스 파일</Filter>
    </ClCompile>
    <ClCompile Include="OnOpenCommand.cpp">
      <Filter>소스 파일</Filter>
    </ClCompile>
    <ClCompile Include="OnPageSetUpCommand.cpp">
      <Filter>소스 파일</Filter>
    </ClCompile>
    <ClCompile Include="OnPasteCommand.cpp">
      <Filter>소스 파일</Filter>
    </ClCompile>
    <ClCompile Include="OnPreviewCommand.cpp">
      <Filter>소스 파일</Filter>
    </ClCompile>
    <ClCompile Include="OnPreviousCommand.cpp">
      <Filter>소스 파일</Filter>
    </ClCompile>
    <ClCompile Include="OnPreviousWordCommand.cpp">
      <Filter>소스 파일</Filter>
    </ClCompile>
    <ClCompile Include="OnPrintCommand.cpp">
      <Filter>소스 파일</Filter>
    </ClCompile>
    <ClCompile Include="OnReExecuteCommand.cpp">
      <Filter>소스 파일</Filter>
    </ClCompile>
    <ClCompile Include="OnReplaceAllCommand.cpp">
      <Filter>소스 파일</Filter>
    </ClCompile>
    <ClCompile Include="OnReplaceCommand.cpp">
      <Filter>소스 파일</Filter>
    </ClCompile>
    <ClCompile Include="OnReplaceDialogCommand.cpp">
      <Filter>소스 파일</Filter>
    </ClCompile>
    <ClCompile Include="OnSaveByDifferentNameCommand.cpp">
      <Filter>소스 파일</Filter>
    </ClCompile>
    <ClCompile Include="OnSaveCommand.cpp">
      <Filter>소스 파일</Filter>
    </ClCompile>
    <ClCompile Include="OnSelectAllCommand.cpp">
      <Filter>소스 파일</Filter>
    </ClCompile>
    <ClCompile Include="OnSelectDownCommand.cpp">
      <Filter>소스 파일</Filter>
    </ClCompile>
    <ClCompile Include="OnSelectEndDocCommand.cpp">
      <Filter>소스 파일</Filter>
    </ClCompile>
    <ClCompile Include="OnSelectEndRowCommand.cpp">
      <Filter>소스 파일</Filter>
    </ClCompile>
    <ClCompile Include="OnSelectFirstDocCommand.cpp">
      <Filter>소스 파일</Filter>
    </ClCompile>
    <ClCompile Include="OnSelectFirstRowCommand.cpp">
      <Filter>소스 파일</Filter>
    </ClCompile>
    <ClCompile Include="OnSelectNextCommand.cpp">
      <Filter>소스 파일</Filter>
    </ClCompile>
    <ClCompile Include="OnSelectNextWordCommand.cpp">
      <Filter>소스 파일</Filter>
    </ClCompile>
    <ClCompile Include="OnSelectPreviousCommand.cpp">
      <Filter>소스 파일</Filter>
    </ClCompile>
    <ClCompile Include="OnSelectPreviousWordCommand.cpp">
      <Filter>소스 파일</Filter>
    </ClCompile>
    <ClCompile Include="OnSelectUpCommand.cpp">
      <Filter>소스 파일</Filter>
    </ClCompile>
    <ClCompile Include="OnTimeAndDateCommand.cpp">
      <Filter>소스 파일</Filter>
    </ClCompile>
    <ClCompile Include="OnUnExecuteCommand.cpp">
      <Filter>소스 파일</Filter>
    </ClCompile>
    <ClCompile Include="OnUpCommand.cpp">
      <Filter>소스 파일</Filter>
    </ClCompile>
    <ClCompile Include="OnVScrollCommand.cpp">
      <Filter>소스 파일</Filter>
    </ClCompile>
    <ClCompile Include="PageDown.cpp">
      <Filter>소스 파일</Filter>
    </ClCompile>
    <ClCompile Include="PageInfo.cpp">
      <Filter>소스 파일</Filter>
    </ClCompile>
    <ClCompile Include="PageLeft.cpp">
      <Filter>소스 파일</Filter>
    </ClCompile>
    <ClCompile Include="PageRight.cpp">
      <Filter>소스 파일</Filter>
    </ClCompile>
    <ClCompile Include="PageSetUpDialog.cpp">
      <Filter>소스 파일</Filter>
    </ClCompile>
    <ClCompile Include="PageUp.cpp">
      <Filter>소스 파일</Filter>
    </ClCompile>
    <ClCompile Include="PasteText.cpp">
      <Filter>소스 파일</Filter>
    </ClCompile>
    <ClCompile Include="Preview.cpp">
      <Filter>소스 파일</Filter>
    </ClCompile>
    <ClCompile Include="Previous.cpp">
      <Filter>소스 파일</Filter>
    </ClCompile>
    <ClCompile Include="PreviousForSelected.cpp">
      <Filter>소스 파일</Filter>
    </ClCompile>
    <ClCompile Include="PreviousWord.cpp">
      <Filter>소스 파일</Filter>
    </ClCompile>
    <ClCompile Include="RedoList.cpp">
      <Filter>소스 파일</Filter>
    </ClCompile>
    <ClCompile Include="ReplaceDialog.cpp">
      <Filter>소스 파일</Filter>
    </ClCompile>
    <ClCompile Include="Row.cpp">
      <Filter>소스 파일</Filter>
    </ClCompile>
    <ClCompile Include="Scroll.cpp">
      <Filter>소스 파일</Filter>
    </ClCompile>
    <ClCompile Include="SelectDown.cpp">
      <Filter>소스 파일</Filter>
    </ClCompile>
    <ClCompile Include="SelectEndDoc.cpp">
      <Filter>소스 파일</Filter>
    </ClCompile>
    <ClCompile Include="SelectEndRow.cpp">
      <Filter>소스 파일</Filter>
    </ClCompile>
    <ClCompile Include="SelectFirstDoc.cpp">
      <Filter>소스 파일</Filter>
    </ClCompile>
    <ClCompile Include="SelectFirstRow.cpp">
      <Filter>소스 파일</Filter>
    </ClCompile>
    <ClCompile Include="SelectNext.cpp">
      <Filter>소스 파일</Filter>
    </ClCompile>
    <ClCompile Include="SelectNextWord.cpp">
      <Filter>소스 파일</Filter>
    </ClCompile>
    <ClCompile Include="SelectPrevious.cpp">
      <Filter>소스 파일</Filter>
    </ClCompile>
    <ClCompile Include="SelectPreviousWord.cpp">
      <Filter>소스 파일</Filter>
    </ClCompile>
    <ClCompile Include="SelectUp.cpp">
      <Filter>소스 파일</Filter>
    </ClCompile>
    <ClCompile Include="SelectWords.cpp">
      <Filter>소스 파일</Filter>
    </ClCompile>
    <ClCompile Include="SingleByteCharacter.cpp">
      <Filter>소스 파일</Filter>
    </ClCompile>
    <ClCompile Include="Subject.cpp">
      <Filter>소스 파일</Filter>
    </ClCompile>
    <ClCompile Include="Thumb.cpp">
      <Filter>소스 파일</Filter>
    </ClCompile>
    <ClCompile Include="ThumbTrackHorizon.cpp">
      <Filter>소스 파일</Filter>
    </ClCompile>
    <ClCompile Include="ThumbTrackVertical.cpp">
      <Filter>소스 파일</Filter>
    </ClCompile>
    <ClCompile Include="Top.cpp">
      <Filter>소스 파일</Filter>
    </ClCompile>
    <ClCompile Include="UndoList.cpp">
      <Filter>소스 파일</Filter>
    </ClCompile>
    <ClCompile Include="Up.cpp">
      <Filter>소스 파일</Filter>
    </ClCompile>
    <ClCompile Include="Visitor.cpp">
      <Filter>소스 파일</Filter>
    </ClCompile>
    <ClCompile Include="WindowText.cpp">
      <Filter>소스 파일</Filter>
    </ClCompile>
    <ClCompile Include="GetTextSizeForDpi.cpp">
      <Filter>소스 파일</Filter>
    </ClCompile>
  </ItemGroup>
  <ItemGroup>
    <ClInclude Include="Array.h">
      <Filter>헤더 파일</Filter>
    </ClInclude>
    <ClInclude Include="BackSpaceKeyAction.h">
      <Filter>헤더 파일</Filter>
    </ClInclude>
    <ClInclude Include="Caret.h">
      <Filter>헤더 파일</Filter>
    </ClInclude>
    <ClInclude Include="Character.h">
      <Filter>헤더 파일</Filter>
    </ClInclude>
    <ClInclude Include="Command.h">
      <Filter>헤더 파일</Filter>
    </ClInclude>
    <ClInclude Include="CommandStory.h">
      <Filter>헤더 파일</Filter>
    </ClInclude>
    <ClInclude Include="Composite.h">
      <Filter>헤더 파일</Filter>
    </ClInclude>
    <ClInclude Include="CopyText.h">
      <Filter>헤더 파일</Filter>
    </ClInclude>
    <ClInclude Include="CreateGlyph.h">
      <Filter>헤더 파일</Filter>
    </ClInclude>
    <ClInclude Include="CreateProduct.h">
      <Filter>헤더 파일</Filter>
    </ClInclude>
    <ClInclude Include="CutOffText.h">
      <Filter>헤더 파일</Filter>
    </ClInclude>
    <ClInclude Include="DeleteKeyAction.h">
      <Filter>헤더 파일</Filter>
    </ClInclude>
    <ClInclude Include="DoubleByteCharacter.h">
      <Filter>헤더 파일</Filter>
    </ClInclude>
    <ClInclude Include="Down.h">
      <Filter>헤더 파일</Filter>
    </ClInclude>
    <ClInclude Include="DummyRow.h">
      <Filter>헤더 파일</Filter>
    </ClInclude>
    <ClInclude Include="EndDocKeyAction.h">
      <Filter>헤더 파일</Filter>
    </ClInclude>
    <ClInclude Include="EndRow.h">
      <Filter>헤더 파일</Filter>
    </ClInclude>
    <ClInclude Include="FactoryProduct.h">
      <Filter>헤더 파일</Filter>
    </ClInclude>
    <ClInclude Include="FactoryProductCommand.h">
      <Filter>헤더 파일</Filter>
    </ClInclude>
    <ClInclude Include="FactoryProductScroll.h">
      <Filter>헤더 파일</Filter>
    </ClInclude>
    <ClInclude Include="FindAndReplace.h">
      <Filter>헤더 파일</Filter>
    </ClInclude>
    <ClInclude Include="FindDialog.h">
      <Filter>헤더 파일</Filter>
    </ClInclude>
    <ClInclude Include="FindSameText.h">
      <Filter>헤더 파일</Filter>
    </ClInclude>
    <ClInclude Include="FirstDoc.h">
      <Filter>헤더 파일</Filter>
    </ClInclude>
    <ClInclude Include="FirstRow.h">
      <Filter>헤더 파일</Filter>
    </ClInclude>
    <ClInclude Include="Font.h">
      <Filter>헤더 파일</Filter>
    </ClInclude>
    <ClInclude Include="GetInformation.h">
      <Filter>헤더 파일</Filter>
    </ClInclude>
    <ClInclude Include="GetTextSize.h">
      <Filter>헤더 파일</Filter>
    </ClInclude>
    <ClInclude Include="Glyph.h">
      <Filter>헤더 파일</Filter>
    </ClInclude>
    <ClInclude Include="KeyAction.h">
      <Filter>헤더 파일</Filter>
    </ClInclude>
    <ClInclude Include="LineChange.h">
      <Filter>헤더 파일</Filter>
    </ClInclude>
    <ClInclude Include="LineDown.h">
      <Filter>헤더 파일</Filter>
    </ClInclude>
    <ClInclude Include="LineLeft.h">
      <Filter>헤더 파일</Filter>
    </ClInclude>
    <ClInclude Include="LineRight.h">
      <Filter>헤더 파일</Filter>
    </ClInclude>
    <ClInclude Include="LineUp.h">
      <Filter>헤더 파일</Filter>
    </ClInclude>
    <ClInclude Include="LinkedList.h">
      <Filter>헤더 파일</Filter>
    </ClInclude>
    <ClInclude Include="Location.h">
      <Filter>헤더 파일</Filter>
    </ClInclude>
    <ClInclude Include="MacroCommand.h">
      <Filter>헤더 파일</Filter>
    </ClInclude>
    <ClInclude Include="MoveAction.h">
      <Filter>헤더 파일</Filter>
    </ClInclude>
    <ClInclude Include="Next.h">
      <Filter>헤더 파일</Filter>
    </ClInclude>
    <ClInclude Include="NextForSelected.h">
      <Filter>헤더 파일</Filter>
    </ClInclude>
    <ClInclude Include="NextWord.h">
      <Filter>헤더 파일</Filter>
    </ClInclude>
    <ClInclude Include="Note.h">
      <Filter>헤더 파일</Filter>
    </ClInclude>
    <ClInclude Include="NotePadApp.h">
      <Filter>헤더 파일</Filter>
    </ClInclude>
    <ClInclude Include="NotePadForm.h">
      <Filter>헤더 파일</Filter>
    </ClInclude>
    <ClInclude Include="Observer.h">
      <Filter>헤더 파일</Filter>
    </ClInclude>
    <ClInclude Include="OnBackSpaceCommand.h">
      <Filter>헤더 파일</Filter>
    </ClInclude>
    <ClInclude Include="OnCharCommand.h">
      <Filter>헤더 파일</Filter>
    </ClInclude>
    <ClInclude Include="OnCloseCommand.h">
      <Filter>헤더 파일</Filter>
    </ClInclude>
    <ClInclude Include="OnCopyCommand.h">
      <Filter>헤더 파일</Filter>
    </ClInclude>
    <ClInclude Include="OnCutOffCommand.h">
      <Filter>헤더 파일</Filter>
    </ClInclude>
    <ClInclude Include="OnDeleteCommand.h">
      <Filter>헤더 파일</Filter>
    </ClInclude>
    <ClInclude Include="OnDownCommand.h">
      <Filter>헤더 파일</Filter>
    </ClInclude>
    <ClInclude Include="OnEndDocCommand.h">
      <Filter>헤더 파일</Filter>
    </ClInclude>
    <ClInclude Include="OnEndRowCommand.h">
      <Filter>헤더 파일</Filter>
    </ClInclude>
    <ClInclude Include="OnFindDialogCommand.h">
      <Filter>헤더 파일</Filter>
    </ClInclude>
    <ClInclude Include="OnFindNextCommand.h">
      <Filter>헤더 파일</Filter>
    </ClInclude>
    <ClInclude Include="OnFindPreviousCommand.h">
      <Filter>헤더 파일</Filter>
    </ClInclude>
    <ClInclude Include="OnFirstDocCommand.h">
      <Filter>헤더 파일</Filter>
    </ClInclude>
    <ClInclude Include="OnFirstRowCommand.h">
      <Filter>헤더 파일</Filter>
    </ClInclude>
    <ClInclude Include="OnFontCommand.h">
      <Filter>헤더 파일</Filter>
    </ClInclude>
    <ClInclude Include="OnGetHelpCommand.h">
      <Filter>헤더 파일</Filter>
    </ClInclude>
    <ClInclude Include="OnHScrollCommand.h">
      <Filter>헤더 파일</Filter>
    </ClInclude>
    <ClInclude Include="OnImeCharCommand.h">
      <Filter>헤더 파일</Filter>
    </ClInclude>
    <ClInclude Include="OnImeCompositionCommand.h">
      <Filter>헤더 파일</Filter>
    </ClInclude>
    <ClInclude Include="OnInformationCommand.h">
      <Filter>헤더 파일</Filter>
    </ClInclude>
    <ClInclude Include="OnLineChangeCommand.h">
      <Filter>헤더 파일</Filter>
    </ClInclude>
    <ClInclude Include="OnNewCreateCommand.h">
      <Filter>헤더 파일</Filter>
    </ClInclude>
    <ClInclude Include="OnNextCommand.h">
      <Filter>헤더 파일</Filter>
    </ClInclude>
    <ClInclude Include="OnNextWordCommand.h">
      <Filter>헤더 파일</Filter>
    </ClInclude>
    <ClInclude Include="OnOpenCommand.h">
      <Filter>헤더 파일</Filter>
    </ClInclude>
    <ClInclude Include="OnPageSetUpCommand.h">
      <Filter>헤더 파일</Filter>
    </ClInclude>
    <ClInclude Include="OnPasteCommand.h">
      <Filter>헤더 파일</Filter>
    </ClInclude>
    <ClInclude Include="OnPreviewCommand.h">
      <Filter>헤더 파일</Filter>
    </ClInclude>
    <ClInclude Include="OnPreviousCommand.h">
      <Filter>헤더 파일</Filter>
    </ClInclude>
    <ClInclude Include="OnPreviousWordCommand.h">
      <Filter>헤더 파일</Filter>
    </ClInclude>
    <ClInclude Include="OnPrintCommand.h">
      <Filter>헤더 파일</Filter>
    </ClInclude>
    <ClInclude Include="OnReExecuteCommand.h">
      <Filter>헤더 파일</Filter>
    </ClInclude>
    <ClInclude Include="OnReplaceAllCommand.h">
      <Filter>헤더 파일</Filter>
    </ClInclude>
    <ClInclude Include="OnReplaceCommand.h">
      <Filter>헤더 파일</Filter>
    </ClInclude>
    <ClInclude Include="OnReplaceDialogCommand.h">
      <Filter>헤더 파일</Filter>
    </ClInclude>
    <ClInclude Include="OnSaveByDifferentNameCommand.h">
      <Filter>헤더 파일</Filter>
    </ClInclude>
    <ClInclude Include="OnSaveCommand.h">
      <Filter>헤더 파일</Filter>
    </ClInclude>
    <ClInclude Include="OnSelectAllCommand.h">
      <Filter>헤더 파일</Filter>
    </ClInclude>
    <ClInclude Include="OnSelectDownCommand.h">
      <Filter>헤더 파일</Filter>
    </ClInclude>
    <ClInclude Include="OnSelectEndDocCommand.h">
      <Filter>헤더 파일</Filter>
    </ClInclude>
    <ClInclude Include="OnSelectEndRowCommand.h">
      <Filter>헤더 파일</Filter>
    </ClInclude>
    <ClInclude Include="OnSelectFirstDocCommand.h">
      <Filter>헤더 파일</Filter>
    </ClInclude>
    <ClInclude Include="OnSelectFirstRowCommand.h">
      <Filter>헤더 파일</Filter>
    </ClInclude>
    <ClInclude Include="OnSelectNextCommand.h">
      <Filter>헤더 파일</Filter>
    </ClInclude>
    <ClInclude Include="OnSelectNextWordCommand.h">
      <Filter>헤더 파일</Filter>
    </ClInclude>
    <ClInclude Include="OnSelectPreviousCommand.h">
      <Filter>헤더 파일</Filter>
    </ClInclude>
    <ClInclude Include="OnSelectPreviousWordCommand.h">
      <Filter>헤더 파일</Filter>
    </ClInclude>
    <ClInclude Include="OnSelectUpCommand.h">
      <Filter>헤더 파일</Filter>
    </ClInclude>
    <ClInclude Include="OnTimeAndDateCommand.h">
      <Filter>헤더 파일</Filter>
    </ClInclude>
    <ClInclude Include="OnUnExecuteCommand.h">
      <Filter>헤더 파일</Filter>
    </ClInclude>
    <ClInclude Include="OnUpCommand.h">
      <Filter>헤더 파일</Filter>
    </ClInclude>
    <ClInclude Include="OnVScrollCommand.h">
      <Filter>헤더 파일</Filter>
    </ClInclude>
    <ClInclude Include="PageDown.h">
      <Filter>헤더 파일</Filter>
    </ClInclude>
    <ClInclude Include="PageInfo.h">
      <Filter>헤더 파일</Filter>
    </ClInclude>
    <ClInclude Include="PageLeft.h">
      <Filter>헤더 파일</Filter>
    </ClInclude>
    <ClInclude Include="PageRight.h">
      <Filter>헤더 파일</Filter>
    </ClInclude>
    <ClInclude Include="PageSetUpDialog.h">
      <Filter>헤더 파일</Filter>
    </ClInclude>
    <ClInclude Include="PageUp.h">
      <Filter>헤더 파일</Filter>
    </ClInclude>
    <ClInclude Include="PasteText.h">
      <Filter>헤더 파일</Filter>
    </ClInclude>
    <ClInclude Include="Preview.h">
      <Filter>헤더 파일</Filter>
    </ClInclude>
    <ClInclude Include="Previous.h">
      <Filter>헤더 파일</Filter>
    </ClInclude>
    <ClInclude Include="PreviousForSelected.h">
      <Filter>헤더 파일</Filter>
    </ClInclude>
    <ClInclude Include="PreviousWord.h">
      <Filter>헤더 파일</Filter>
    </ClInclude>
    <ClInclude Include="RedoList.h">
      <Filter>헤더 파일</Filter>
    </ClInclude>
    <ClInclude Include="ReplaceDialog.h">
      <Filter>헤더 파일</Filter>
    </ClInclude>
    <ClInclude Include="resource.h">
      <Filter>헤더 파일</Filter>
    </ClInclude>
    <ClInclude Include="Row.h">
      <Filter>헤더 파일</Filter>
    </ClInclude>
    <ClInclude Include="Scroll.h">
      <Filter>헤더 파일</Filter>
    </ClInclude>
    <ClInclude Include="SelectDown.h">
      <Filter>헤더 파일</Filter>
    </ClInclude>
    <ClInclude Include="SelectEndDoc.h">
      <Filter>헤더 파일</Filter>
    </ClInclude>
    <ClInclude Include="SelectEndRow.h">
      <Filter>헤더 파일</Filter>
    </ClInclude>
    <ClInclude Include="SelectFirstDoc.h">
      <Filter>헤더 파일</Filter>
    </ClInclude>
    <ClInclude Include="SelectFirstRow.h">
      <Filter>헤더 파일</Filter>
    </ClInclude>
    <ClInclude Include="SelectNext.h">
      <Filter>헤더 파일</Filter>
    </ClInclude>
    <ClInclude Include="SelectNextWord.h">
      <Filter>헤더 파일</Filter>
    </ClInclude>
    <ClInclude Include="SelectPrevious.h">
      <Filter>헤더 파일</Filter>
    </ClInclude>
    <ClInclude Include="SelectPreviousWord.h">
      <Filter>헤더 파일</Filter>
    </ClInclude>
    <ClInclude Include="SelectUp.h">
      <Filter>헤더 파일</Filter>
    </ClInclude>
    <ClInclude Include="SelectWords.h">
      <Filter>헤더 파일</Filter>
    </ClInclude>
    <ClInclude Include="SingleByteCharacter.h">
      <Filter>헤더 파일</Filter>
    </ClInclude>
    <ClInclude Include="Subject.h">
      <Filter>헤더 파일</Filter>
    </ClInclude>
    <ClInclude Include="Thumb.h">
      <Filter>헤더 파일</Filter>
    </ClInclude>
    <ClInclude Include="ThumbTrackHorizon.h">
      <Filter>헤더 파일</Filter>
    </ClInclude>
    <ClInclude Include="ThumbTrackVertical.h">
      <Filter>헤더 파일</Filter>
    </ClInclude>
    <ClInclude Include="Top.h">
      <Filter>헤더 파일</Filter>
    </ClInclude>
    <ClInclude Include="UndoList.h">
      <Filter>헤더 파일</Filter>
    </ClInclude>
    <ClInclude Include="Up.h">
      <Filter>헤더 파일</Filter>
    </ClInclude>
    <ClInclude Include="Visitor.h">
      <Filter>헤더 파일</Filter>
    </ClInclude>
    <ClInclude Include="WindowText.h">
      <Filter>헤더 파일</Filter>
    </ClInclude>
    <ClInclude Include="GetTextSizeForDpi.h">
      <Filter>헤더 파일</Filter>
    </ClInclude>
  </ItemGroup>
  <ItemGroup>
    <Image Include="bitmap1.bmp">
      <Filter>리소스 파일</Filter>
    </Image>
    <Image Include="bitmap2.bmp">
      <Filter>리소스 파일</Filter>
    </Image>
    <Image Include="bitmap3.bmp">
      <Filter>리소스 파일</Filter>
    </Image>
    <Image Include="toolbar1.bmp">
      <Filter>리소스 파일</Filter>
    </Image>
    <Image Include="toolbar2.bmp">
      <Filter>리소스 파일</Filter>
    </Image>
    <Image Include="메모장로고.PNG">
      <Filter>리소스 파일</Filter>
    </Image>
    <Image Include="신혜원로고.PNG">
      <Filter>리소스 파일</Filter>
    </Image>
  </ItemGroup>
  <ItemGroup>
    <None Include="NotePad20210826.aps" />
    <None Include="Table of Contents.hhc" />
  </ItemGroup>
  <ItemGroup>
    <ResourceCompile Include="NotePad20210826.rc">
      <Filter>리소스 파일</Filter>
    </ResourceCompile>
  </ItemGroup>
</Project>